
Microsoft Visual Studio Solution File, Format Version 12.00
# Visual Studio Version 17
VisualStudioVersion = 17.2.32516.85
MinimumVisualStudioVersion = 10.0.40219.1
Project("{8BC9CEB8-8B4A-11D0-8D11-00A0C91BC942}") = "Puzzle", "Puzzle.vcxproj", "{959486E6-5145-4175-9A62-6F7055E59681}"
EndProject
Global
	GlobalSection(SolutionConfigurationPlatforms) = preSolution
		Debug|x64 = Debug|x64
		Debug|x86 = Debug|x86
		Release|x64 = Release|x64
		Release|x86 = Release|x86
	EndGlobalSection
	GlobalSection(ProjectConfigurationPlatforms) = postSolution
		{959486E6-5145-4175-9A62-6F7055E59681}.Debug|x64.ActiveCfg = Debug|x64
		{959486E6-5145-4175-9A62-6F7055E59681}.Debug|x64.Build.0 = Debug|x64
		{959486E6-5145-4175-9A62-6F7055E59681}.Debug|x86.ActiveCfg = Debug|Win32
		{959486E6-5145-4175-9A62-6F7055E59681}.Debug|x86.Build.0 = Debug|Win32
		{959486E6-5145-4175-9A62-6F7055E59681}.Release|x64.ActiveCfg = Release|x64
		{959486E6-5145-4175-9A62-6F7055E59681}.Release|x64.Build.0 = Release|x64
		{959486E6-5145-4175-9A62-6F7055E59681}.Release|x86.ActiveCfg = Release|Win32
		{959486E6-5145-4175-9A62-6F7055E59681}.Release|x86.Build.0 = Release|Win32
	EndGlobalSection
	GlobalSection(SolutionProperties) = preSolution
		HideSolutionNode = FALSE
	EndGlobalSection
	GlobalSection(ExtensibilityGlobals) = postSolution
		SolutionGuid = {A723BE30-D2C6-40CE-8928-25B8E935E78B}
	EndGlobalSection
EndGlobal
